
Microsoft Visual Studio Solution File, Format Version 12.00
# Visual Studio Version 17
VisualStudioVersion = 17.0.31903.59
MinimumVisualStudioVersion = 10.0.40219.1
Project("{2150E333-8FDC-42A3-9474-1A3956D46DE8}") = "src", "src", "{827E0CD3-B72D-47B6-A68D-7590B98EB39B}"
EndProject
Project("{FAE04EC0-301F-11D3-BF4B-00C04F79EFBC}") = "Currency", "src\Currency\Currency.csproj", "{8473A45C-F738-4DA0-BF95-6E17C4A71C2F}"
EndProject
Project("{2150E333-8FDC-42A3-9474-1A3956D46DE8}") = "tests", "tests", "{0AB3BF05-4346-4AA6-1389-037BE0695223}"
EndProject
Project("{FAE04EC0-301F-11D3-BF4B-00C04F79EFBC}") = "Currency.Tests", "tests\Currency.Tests\Currency.Tests.csproj", "{327A69A5-C513-4FEE-B936-2FE5524EDFBE}"
EndProject
Project("{FAE04EC0-301F-11D3-BF4B-00C04F79EFBC}") = "ManualTestRig", "ManualTestRig\ManualTestRig.csproj", "{0FD84937-3AAC-4188-928E-1370366D7907}"
EndProject
Project("{2150E333-8FDC-42A3-9474-1A3956D46DE8}") = "ExtendedTestRigs", "ExtendedTestRigs", "{E154531E-4499-7942-A888-178D85FFAA26}"
EndProject
Project("{FAE04EC0-301F-11D3-BF4B-00C04F79EFBC}") = "BulkMoneyImportTool", "ExtendedTestRigs\BulkMoneyImportTool\BulkMoneyImportTool.csproj", "{AE9D1177-1111-4686-873C-DE6DDF7BBDA3}"
EndProject
Project("{FAE04EC0-301F-11D3-BF4B-00C04F79EFBC}") = "CheckoutPricingApi", "ExtendedTestRigs\CheckoutPricingApi\CheckoutPricingApi.csproj", "{7B5369D9-CB21-475F-BA4A-E525DFFFE9E9}"
EndProject
Project("{FAE04EC0-301F-11D3-BF4B-00C04F79EFBC}") = "Currency.Json.SystemTextJson", "src\Currency.Json.SystemTextJson\Currency.Json.SystemTextJson.csproj", "{27D359E9-09AA-4C0A-88E7-71C484DE82A3}"
EndProject
Project("{FAE04EC0-301F-11D3-BF4B-00C04F79EFBC}") = "Currency.Json.SystemTextJson.Tests", "tests\Currency.Json.SystemTextJson.Tests\Currency.Json.SystemTextJson.Tests.csproj", "{26C7AF78-D6FB-4C6E-9CB7-791D82ACF4CF}"
EndProject
Project("{FAE04EC0-301F-11D3-BF4B-00C04F79EFBC}") = "Currency.Countries", "src\Currency.Countries\Currency.Countries.csproj", "{6C1CDA92-B986-4275-942E-1F9B68F0AB2B}"
EndProject
Project("{FAE04EC0-301F-11D3-BF4B-00C04F79EFBC}") = "Currency.Countries.Tests", "tests\Currency.Countries.Tests\Currency.Countries.Tests.csproj", "{DB2F4A1D-FFB0-400C-AF09-A5CD2EACF44D}"
EndProject
Project("{FAE04EC0-301F-11D3-BF4B-00C04F79EFBC}") = "Currency.Analyzers", "src\Currency.Analyzers\Currency.Analyzers.csproj", "{04C01BF8-2FC6-43E8-8CB5-29EFC436D430}"
EndProject
Project("{FAE04EC0-301F-11D3-BF4B-00C04F79EFBC}") = "Currency.Analyzers.Tests", "tests\Currency.Analyzers.Tests\Currency.Analyzers.Tests.csproj", "{DBC399AA-AEC7-4B18-9B25-F6BF2C302B0A}"
EndProject
Project("{FAE04EC0-301F-11D3-BF4B-00C04F79EFBC}") = "Currency.Exchange.Abstractions", "src\Currency.Exchange.Abstractions\Currency.Exchange.Abstractions.csproj", "{A49321E4-E863-4D62-8012-3E5884109A4D}"
EndProject
Project("{FAE04EC0-301F-11D3-BF4B-00C04F79EFBC}") = "Currency.Exchange.Abstractions.Tests", "tests\Currency.Exchange.Abstractions.Tests\Currency.Exchange.Abstractions.Tests.csproj", "{C3B60ADC-AE4F-416F-8024-9236DDEEEE23}"
EndProject
Project("{FAE04EC0-301F-11D3-BF4B-00C04F79EFBC}") = "Currency.Json.NewtonsoftJson", "src\Currency.Json.NewtonsoftJson\Currency.Json.NewtonsoftJson.csproj", "{2AD5CF98-4161-4B89-A610-9AF664AFDC3B}"
EndProject
Project("{FAE04EC0-301F-11D3-BF4B-00C04F79EFBC}") = "Currency.Json.NewtonsoftJson.Tests", "tests\Currency.Json.NewtonsoftJson.Tests\Currency.Json.NewtonsoftJson.Tests.csproj", "{1E5BF16E-69C9-4C37-A691-AE9B79A8A903}"
EndProject
Project("{FAE04EC0-301F-11D3-BF4B-00C04F79EFBC}") = "Currency.ReadmeExamples.Tests", "tests\Currency.ReadmeExamples.Tests\Currency.ReadmeExamples.Tests.csproj", "{5A1F7E6C-594A-48D2-9881-D405AE21DECB}"
EndProject
Project("{FAE04EC0-301F-11D3-BF4B-00C04F79EFBC}") = "Currency.EntityFrameworkCore", "src\Currency.EntityFrameworkCore\Currency.EntityFrameworkCore.csproj", "{4A5DE5D5-3ABA-4AC1-A6BF-4FF591C46B5C}"
EndProject
Project("{FAE04EC0-301F-11D3-BF4B-00C04F79EFBC}") = "Currency.EntityFrameworkCore.Tests", "tests\Currency.EntityFrameworkCore.Tests\Currency.EntityFrameworkCore.Tests.csproj", "{4A65D1BA-5D73-4143-B1FF-A9DD2B0E6380}"
EndProject
Global
	GlobalSection(SolutionConfigurationPlatforms) = preSolution
		Debug|Any CPU = Debug|Any CPU
		Debug|x64 = Debug|x64
		Debug|x86 = Debug|x86
		Release|Any CPU = Release|Any CPU
		Release|x64 = Release|x64
		Release|x86 = Release|x86
	EndGlobalSection
	GlobalSection(ProjectConfigurationPlatforms) = postSolution
		{8473A45C-F738-4DA0-BF95-6E17C4A71C2F}.Debug|Any CPU.ActiveCfg = Debug|Any CPU
		{8473A45C-F738-4DA0-BF95-6E17C4A71C2F}.Debug|Any CPU.Build.0 = Debug|Any CPU
		{8473A45C-F738-4DA0-BF95-6E17C4A71C2F}.Debug|x64.ActiveCfg = Debug|Any CPU
		{8473A45C-F738-4DA0-BF95-6E17C4A71C2F}.Debug|x64.Build.0 = Debug|Any CPU
		{8473A45C-F738-4DA0-BF95-6E17C4A71C2F}.Debug|x86.ActiveCfg = Debug|Any CPU
		{8473A45C-F738-4DA0-BF95-6E17C4A71C2F}.Debug|x86.Build.0 = Debug|Any CPU
		{8473A45C-F738-4DA0-BF95-6E17C4A71C2F}.Release|Any CPU.ActiveCfg = Release|Any CPU
		{8473A45C-F738-4DA0-BF95-6E17C4A71C2F}.Release|Any CPU.Build.0 = Release|Any CPU
		{8473A45C-F738-4DA0-BF95-6E17C4A71C2F}.Release|x64.ActiveCfg = Release|Any CPU
		{8473A45C-F738-4DA0-BF95-6E17C4A71C2F}.Release|x64.Build.0 = Release|Any CPU
		{8473A45C-F738-4DA0-BF95-6E17C4A71C2F}.Release|x86.ActiveCfg = Release|Any CPU
		{8473A45C-F738-4DA0-BF95-6E17C4A71C2F}.Release|x86.Build.0 = Release|Any CPU
		{327A69A5-C513-4FEE-B936-2FE5524EDFBE}.Debug|Any CPU.ActiveCfg = Debug|Any CPU
		{327A69A5-C513-4FEE-B936-2FE5524EDFBE}.Debug|Any CPU.Build.0 = Debug|Any CPU
		{327A69A5-C513-4FEE-B936-2FE5524EDFBE}.Debug|x64.ActiveCfg = Debug|Any CPU
		{327A69A5-C513-4FEE-B936-2FE5524EDFBE}.Debug|x64.Build.0 = Debug|Any CPU
		{327A69A5-C513-4FEE-B936-2FE5524EDFBE}.Debug|x86.ActiveCfg = Debug|Any CPU
		{327A69A5-C513-4FEE-B936-2FE5524EDFBE}.Debug|x86.Build.0 = Debug|Any CPU
		{327A69A5-C513-4FEE-B936-2FE5524EDFBE}.Release|Any CPU.ActiveCfg = Release|Any CPU
		{327A69A5-C513-4FEE-B936-2FE5524EDFBE}.Release|Any CPU.Build.0 = Release|Any CPU
		{327A69A5-C513-4FEE-B936-2FE5524EDFBE}.Release|x64.ActiveCfg = Release|Any CPU
		{327A69A5-C513-4FEE-B936-2FE5524EDFBE}.Release|x64.Build.0 = Release|Any CPU
		{327A69A5-C513-4FEE-B936-2FE5524EDFBE}.Release|x86.ActiveCfg = Release|Any CPU
		{327A69A5-C513-4FEE-B936-2FE5524EDFBE}.Release|x86.Build.0 = Release|Any CPU
		{0FD84937-3AAC-4188-928E-1370366D7907}.Debug|Any CPU.ActiveCfg = Debug|Any CPU
		{0FD84937-3AAC-4188-928E-1370366D7907}.Debug|Any CPU.Build.0 = Debug|Any CPU
		{0FD84937-3AAC-4188-928E-1370366D7907}.Debug|x64.ActiveCfg = Debug|Any CPU
		{0FD84937-3AAC-4188-928E-1370366D7907}.Debug|x64.Build.0 = Debug|Any CPU
		{0FD84937-3AAC-4188-928E-1370366D7907}.Debug|x86.ActiveCfg = Debug|Any CPU
		{0FD84937-3AAC-4188-928E-1370366D7907}.Debug|x86.Build.0 = Debug|Any CPU
		{0FD84937-3AAC-4188-928E-1370366D7907}.Release|Any CPU.ActiveCfg = Release|Any CPU
		{0FD84937-3AAC-4188-928E-1370366D7907}.Release|Any CPU.Build.0 = Release|Any CPU
		{0FD84937-3AAC-4188-928E-1370366D7907}.Release|x64.ActiveCfg = Release|Any CPU
		{0FD84937-3AAC-4188-928E-1370366D7907}.Release|x64.Build.0 = Release|Any CPU
		{0FD84937-3AAC-4188-928E-1370366D7907}.Release|x86.ActiveCfg = Release|Any CPU
		{0FD84937-3AAC-4188-928E-1370366D7907}.Release|x86.Build.0 = Release|Any CPU
		{AE9D1177-1111-4686-873C-DE6DDF7BBDA3}.Debug|Any CPU.ActiveCfg = Debug|Any CPU
		{AE9D1177-1111-4686-873C-DE6DDF7BBDA3}.Debug|Any CPU.Build.0 = Debug|Any CPU
		{AE9D1177-1111-4686-873C-DE6DDF7BBDA3}.Debug|x64.ActiveCfg = Debug|Any CPU
		{AE9D1177-1111-4686-873C-DE6DDF7BBDA3}.Debug|x64.Build.0 = Debug|Any CPU
		{AE9D1177-1111-4686-873C-DE6DDF7BBDA3}.Debug|x86.ActiveCfg = Debug|Any CPU
		{AE9D1177-1111-4686-873C-DE6DDF7BBDA3}.Debug|x86.Build.0 = Debug|Any CPU
		{AE9D1177-1111-4686-873C-DE6DDF7BBDA3}.Release|Any CPU.ActiveCfg = Release|Any CPU
		{AE9D1177-1111-4686-873C-DE6DDF7BBDA3}.Release|Any CPU.Build.0 = Release|Any CPU
		{AE9D1177-1111-4686-873C-DE6DDF7BBDA3}.Release|x64.ActiveCfg = Release|Any CPU
		{AE9D1177-1111-4686-873C-DE6DDF7BBDA3}.Release|x64.Build.0 = Release|Any CPU
		{AE9D1177-1111-4686-873C-DE6DDF7BBDA3}.Release|x86.ActiveCfg = Release|Any CPU
		{AE9D1177-1111-4686-873C-DE6DDF7BBDA3}.Release|x86.Build.0 = Release|Any CPU
		{7B5369D9-CB21-475F-BA4A-E525DFFFE9E9}.Debug|Any CPU.ActiveCfg = Debug|Any CPU
		{7B5369D9-CB21-475F-BA4A-E525DFFFE9E9}.Debug|Any CPU.Build.0 = Debug|Any CPU
		{7B5369D9-CB21-475F-BA4A-E525DFFFE9E9}.Debug|x64.ActiveCfg = Debug|Any CPU
		{7B5369D9-CB21-475F-BA4A-E525DFFFE9E9}.Debug|x64.Build.0 = Debug|Any CPU
		{7B5369D9-CB21-475F-BA4A-E525DFFFE9E9}.Debug|x86.ActiveCfg = Debug|Any CPU
		{7B5369D9-CB21-475F-BA4A-E525DFFFE9E9}.Debug|x86.Build.0 = Debug|Any CPU
		{7B5369D9-CB21-475F-BA4A-E525DFFFE9E9}.Release|Any CPU.ActiveCfg = Release|Any CPU
		{7B5369D9-CB21-475F-BA4A-E525DFFFE9E9}.Release|Any CPU.Build.0 = Release|Any CPU
		{7B5369D9-CB21-475F-BA4A-E525DFFFE9E9}.Release|x64.ActiveCfg = Release|Any CPU
		{7B5369D9-CB21-475F-BA4A-E525DFFFE9E9}.Release|x64.Build.0 = Release|Any CPU
		{7B5369D9-CB21-475F-BA4A-E525DFFFE9E9}.Release|x86.ActiveCfg = Release|Any CPU
		{7B5369D9-CB21-475F-BA4A-E525DFFFE9E9}.Release|x86.Build.0 = Release|Any CPU
		{27D359E9-09AA-4C0A-88E7-71C484DE82A3}.Debug|Any CPU.ActiveCfg = Debug|Any CPU
		{27D359E9-09AA-4C0A-88E7-71C484DE82A3}.Debug|Any CPU.Build.0 = Debug|Any CPU
		{27D359E9-09AA-4C0A-88E7-71C484DE82A3}.Debug|x64.ActiveCfg = Debug|Any CPU
		{27D359E9-09AA-4C0A-88E7-71C484DE82A3}.Debug|x64.Build.0 = Debug|Any CPU
		{27D359E9-09AA-4C0A-88E7-71C484DE82A3}.Debug|x86.ActiveCfg = Debug|Any CPU
		{27D359E9-09AA-4C0A-88E7-71C484DE82A3}.Debug|x86.Build.0 = Debug|Any CPU
		{27D359E9-09AA-4C0A-88E7-71C484DE82A3}.Release|Any CPU.ActiveCfg = Release|Any CPU
		{27D359E9-09AA-4C0A-88E7-71C484DE82A3}.Release|Any CPU.Build.0 = Release|Any CPU
		{27D359E9-09AA-4C0A-88E7-71C484DE82A3}.Release|x64.ActiveCfg = Release|Any CPU
		{27D359E9-09AA-4C0A-88E7-71C484DE82A3}.Release|x64.Build.0 = Release|Any CPU
		{27D359E9-09AA-4C0A-88E7-71C484DE82A3}.Release|x86.ActiveCfg = Release|Any CPU
		{27D359E9-09AA-4C0A-88E7-71C484DE82A3}.Release|x86.Build.0 = Release|Any CPU
		{26C7AF78-D6FB-4C6E-9CB7-791D82ACF4CF}.Debug|Any CPU.ActiveCfg = Debug|Any CPU
		{26C7AF78-D6FB-4C6E-9CB7-791D82ACF4CF}.Debug|Any CPU.Build.0 = Debug|Any CPU
		{26C7AF78-D6FB-4C6E-9CB7-791D82ACF4CF}.Debug|x64.ActiveCfg = Debug|Any CPU
		{26C7AF78-D6FB-4C6E-9CB7-791D82ACF4CF}.Debug|x64.Build.0 = Debug|Any CPU
		{26C7AF78-D6FB-4C6E-9CB7-791D82ACF4CF}.Debug|x86.ActiveCfg = Debug|Any CPU
		{26C7AF78-D6FB-4C6E-9CB7-791D82ACF4CF}.Debug|x86.Build.0 = Debug|Any CPU
		{26C7AF78-D6FB-4C6E-9CB7-791D82ACF4CF}.Release|Any CPU.ActiveCfg = Release|Any CPU
		{26C7AF78-D6FB-4C6E-9CB7-791D82ACF4CF}.Release|Any CPU.Build.0 = Release|Any CPU
		{26C7AF78-D6FB-4C6E-9CB7-791D82ACF4CF}.Release|x64.ActiveCfg = Release|Any CPU
		{26C7AF78-D6FB-4C6E-9CB7-791D82ACF4CF}.Release|x64.Build.0 = Release|Any CPU
		{26C7AF78-D6FB-4C6E-9CB7-791D82ACF4CF}.Release|x86.ActiveCfg = Release|Any CPU
		{26C7AF78-D6FB-4C6E-9CB7-791D82ACF4CF}.Release|x86.Build.0 = Release|Any CPU
		{6C1CDA92-B986-4275-942E-1F9B68F0AB2B}.Debug|Any CPU.ActiveCfg = Debug|Any CPU
		{6C1CDA92-B986-4275-942E-1F9B68F0AB2B}.Debug|Any CPU.Build.0 = Debug|Any CPU
		{6C1CDA92-B986-4275-942E-1F9B68F0AB2B}.Debug|x64.ActiveCfg = Debug|Any CPU
		{6C1CDA92-B986-4275-942E-1F9B68F0AB2B}.Debug|x64.Build.0 = Debug|Any CPU
		{6C1CDA92-B986-4275-942E-1F9B68F0AB2B}.Debug|x86.ActiveCfg = Debug|Any CPU
		{6C1CDA92-B986-4275-942E-1F9B68F0AB2B}.Debug|x86.Build.0 = Debug|Any CPU
		{6C1CDA92-B986-4275-942E-1F9B68F0AB2B}.Release|Any CPU.ActiveCfg = Release|Any CPU
		{6C1CDA92-B986-4275-942E-1F9B68F0AB2B}.Release|Any CPU.Build.0 = Release|Any CPU
		{6C1CDA92-B986-4275-942E-1F9B68F0AB2B}.Release|x64.ActiveCfg = Release|Any CPU
		{6C1CDA92-B986-4275-942E-1F9B68F0AB2B}.Release|x64.Build.0 = Release|Any CPU
		{6C1CDA92-B986-4275-942E-1F9B68F0AB2B}.Release|x86.ActiveCfg = Release|Any CPU
		{6C1CDA92-B986-4275-942E-1F9B68F0AB2B}.Release|x86.Build.0 = Release|Any CPU
		{DB2F4A1D-FFB0-400C-AF09-A5CD2EACF44D}.Debug|Any CPU.ActiveCfg = Debug|Any CPU
		{DB2F4A1D-FFB0-400C-AF09-A5CD2EACF44D}.Debug|Any CPU.Build.0 = Debug|Any CPU
		{DB2F4A1D-FFB0-400C-AF09-A5CD2EACF44D}.Debug|x64.ActiveCfg = Debug|Any CPU
		{DB2F4A1D-FFB0-400C-AF09-A5CD2EACF44D}.Debug|x64.Build.0 = Debug|Any CPU
		{DB2F4A1D-FFB0-400C-AF09-A5CD2EACF44D}.Debug|x86.ActiveCfg = Debug|Any CPU
		{DB2F4A1D-FFB0-400C-AF09-A5CD2EACF44D}.Debug|x86.Build.0 = Debug|Any CPU
		{DB2F4A1D-FFB0-400C-AF09-A5CD2EACF44D}.Release|Any CPU.ActiveCfg = Release|Any CPU
		{DB2F4A1D-FFB0-400C-AF09-A5CD2EACF44D}.Release|Any CPU.Build.0 = Release|Any CPU
		{DB2F4A1D-FFB0-400C-AF09-A5CD2EACF44D}.Release|x64.ActiveCfg = Release|Any CPU
		{DB2F4A1D-FFB0-400C-AF09-A5CD2EACF44D}.Release|x64.Build.0 = Release|Any CPU
		{DB2F4A1D-FFB0-400C-AF09-A5CD2EACF44D}.Release|x86.ActiveCfg = Release|Any CPU
		{DB2F4A1D-FFB0-400C-AF09-A5CD2EACF44D}.Release|x86.Build.0 = Release|Any CPU
		{04C01BF8-2FC6-43E8-8CB5-29EFC436D430}.Debug|Any CPU.ActiveCfg = Debug|Any CPU
		{04C01BF8-2FC6-43E8-8CB5-29EFC436D430}.Debug|Any CPU.Build.0 = Debug|Any CPU
		{04C01BF8-2FC6-43E8-8CB5-29EFC436D430}.Debug|x64.ActiveCfg = Debug|Any CPU
		{04C01BF8-2FC6-43E8-8CB5-29EFC436D430}.Debug|x64.Build.0 = Debug|Any CPU
		{04C01BF8-2FC6-43E8-8CB5-29EFC436D430}.Debug|x86.ActiveCfg = Debug|Any CPU
		{04C01BF8-2FC6-43E8-8CB5-29EFC436D430}.Debug|x86.Build.0 = Debug|Any CPU
		{04C01BF8-2FC6-43E8-8CB5-29EFC436D430}.Release|Any CPU.ActiveCfg = Release|Any CPU
		{04C01BF8-2FC6-43E8-8CB5-29EFC436D430}.Release|Any CPU.Build.0 = Release|Any CPU
		{04C01BF8-2FC6-43E8-8CB5-29EFC436D430}.Release|x64.ActiveCfg = Release|Any CPU
		{04C01BF8-2FC6-43E8-8CB5-29EFC436D430}.Release|x64.Build.0 = Release|Any CPU
		{04C01BF8-2FC6-43E8-8CB5-29EFC436D430}.Release|x86.ActiveCfg = Release|Any CPU
		{04C01BF8-2FC6-43E8-8CB5-29EFC436D430}.Release|x86.Build.0 = Release|Any CPU
		{DBC399AA-AEC7-4B18-9B25-F6BF2C302B0A}.Debug|Any CPU.ActiveCfg = Debug|Any CPU
		{DBC399AA-AEC7-4B18-9B25-F6BF2C302B0A}.Debug|Any CPU.Build.0 = Debug|Any CPU
		{DBC399AA-AEC7-4B18-9B25-F6BF2C302B0A}.Debug|x64.ActiveCfg = Debug|Any CPU
		{DBC399AA-AEC7-4B18-9B25-F6BF2C302B0A}.Debug|x64.Build.0 = Debug|Any CPU
		{DBC399AA-AEC7-4B18-9B25-F6BF2C302B0A}.Debug|x86.ActiveCfg = Debug|Any CPU
		{DBC399AA-AEC7-4B18-9B25-F6BF2C302B0A}.Debug|x86.Build.0 = Debug|Any CPU
		{DBC399AA-AEC7-4B18-9B25-F6BF2C302B0A}.Release|Any CPU.ActiveCfg = Release|Any CPU
		{DBC399AA-AEC7-4B18-9B25-F6BF2C302B0A}.Release|Any CPU.Build.0 = Release|Any CPU
		{DBC399AA-AEC7-4B18-9B25-F6BF2C302B0A}.Release|x64.ActiveCfg = Release|Any CPU
		{DBC399AA-AEC7-4B18-9B25-F6BF2C302B0A}.Release|x64.Build.0 = Release|Any CPU
		{DBC399AA-AEC7-4B18-9B25-F6BF2C302B0A}.Release|x86.ActiveCfg = Release|Any CPU
		{DBC399AA-AEC7-4B18-9B25-F6BF2C302B0A}.Release|x86.Build.0 = Release|Any CPU
		{A49321E4-E863-4D62-8012-3E5884109A4D}.Debug|Any CPU.ActiveCfg = Debug|Any CPU
		{A49321E4-E863-4D62-8012-3E5884109A4D}.Debug|Any CPU.Build.0 = Debug|Any CPU
		{A49321E4-E863-4D62-8012-3E5884109A4D}.Debug|x64.ActiveCfg = Debug|Any CPU
		{A49321E4-E863-4D62-8012-3E5884109A4D}.Debug|x64.Build.0 = Debug|Any CPU
		{A49321E4-E863-4D62-8012-3E5884109A4D}.Debug|x86.ActiveCfg = Debug|Any CPU
		{A49321E4-E863-4D62-8012-3E5884109A4D}.Debug|x86.Build.0 = Debug|Any CPU
		{A49321E4-E863-4D62-8012-3E5884109A4D}.Release|Any CPU.ActiveCfg = Release|Any CPU
		{A49321E4-E863-4D62-8012-3E5884109A4D}.Release|Any CPU.Build.0 = Release|Any CPU
		{A49321E4-E863-4D62-8012-3E5884109A4D}.Release|x64.ActiveCfg = Release|Any CPU
		{A49321E4-E863-4D62-8012-3E5884109A4D}.Release|x64.Build.0 = Release|Any CPU
		{A49321E4-E863-4D62-8012-3E5884109A4D}.Release|x86.ActiveCfg = Release|Any CPU
		{A49321E4-E863-4D62-8012-3E5884109A4D}.Release|x86.Build.0 = Release|Any CPU
		{C3B60ADC-AE4F-416F-8024-9236DDEEEE23}.Debug|Any CPU.ActiveCfg = Debug|Any CPU
		{C3B60ADC-AE4F-416F-8024-9236DDEEEE23}.Debug|Any CPU.Build.0 = Debug|Any CPU
		{C3B60ADC-AE4F-416F-8024-9236DDEEEE23}.Debug|x64.ActiveCfg = Debug|Any CPU
		{C3B60ADC-AE4F-416F-8024-9236DDEEEE23}.Debug|x64.Build.0 = Debug|Any CPU
		{C3B60ADC-AE4F-416F-8024-9236DDEEEE23}.Debug|x86.ActiveCfg = Debug|Any CPU
		{C3B60ADC-AE4F-416F-8024-9236DDEEEE23}.Debug|x86.Build.0 = Debug|Any CPU
		{C3B60ADC-AE4F-416F-8024-9236DDEEEE23}.Release|Any CPU.ActiveCfg = Release|Any CPU
		{C3B60ADC-AE4F-416F-8024-9236DDEEEE23}.Release|Any CPU.Build.0 = Release|Any CPU
		{C3B60ADC-AE4F-416F-8024-9236DDEEEE23}.Release|x64.ActiveCfg = Release|Any CPU
		{C3B60ADC-AE4F-416F-8024-9236DDEEEE23}.Release|x64.Build.0 = Release|Any CPU
		{C3B60ADC-AE4F-416F-8024-9236DDEEEE23}.Release|x86.ActiveCfg = Release|Any CPU
		{C3B60ADC-AE4F-416F-8024-9236DDEEEE23}.Release|x86.Build.0 = Release|Any CPU
		{2AD5CF98-4161-4B89-A610-9AF664AFDC3B}.Debug|Any CPU.ActiveCfg = Debug|Any CPU
		{2AD5CF98-4161-4B89-A610-9AF664AFDC3B}.Debug|Any CPU.Build.0 = Debug|Any CPU
		{2AD5CF98-4161-4B89-A610-9AF664AFDC3B}.Debug|x64.ActiveCfg = Debug|Any CPU
		{2AD5CF98-4161-4B89-A610-9AF664AFDC3B}.Debug|x64.Build.0 = Debug|Any CPU
		{2AD5CF98-4161-4B89-A610-9AF664AFDC3B}.Debug|x86.ActiveCfg = Debug|Any CPU
		{2AD5CF98-4161-4B89-A610-9AF664AFDC3B}.Debug|x86.Build.0 = Debug|Any CPU
		{2AD5CF98-4161-4B89-A610-9AF664AFDC3B}.Release|Any CPU.ActiveCfg = Release|Any CPU
		{2AD5CF98-4161-4B89-A610-9AF664AFDC3B}.Release|Any CPU.Build.0 = Release|Any CPU
		{2AD5CF98-4161-4B89-A610-9AF664AFDC3B}.Release|x64.ActiveCfg = Release|Any CPU
		{2AD5CF98-4161-4B89-A610-9AF664AFDC3B}.Release|x64.Build.0 = Release|Any CPU
		{2AD5CF98-4161-4B89-A610-9AF664AFDC3B}.Release|x86.ActiveCfg = Release|Any CPU
		{2AD5CF98-4161-4B89-A610-9AF664AFDC3B}.Release|x86.Build.0 = Release|Any CPU
		{1E5BF16E-69C9-4C37-A691-AE9B79A8A903}.Debug|Any CPU.ActiveCfg = Debug|Any CPU
		{1E5BF16E-69C9-4C37-A691-AE9B79A8A903}.Debug|Any CPU.Build.0 = Debug|Any CPU
		{1E5BF16E-69C9-4C37-A691-AE9B79A8A903}.Debug|x64.ActiveCfg = Debug|Any CPU
		{1E5BF16E-69C9-4C37-A691-AE9B79A8A903}.Debug|x64.Build.0 = Debug|Any CPU
		{1E5BF16E-69C9-4C37-A691-AE9B79A8A903}.Debug|x86.ActiveCfg = Debug|Any CPU
		{1E5BF16E-69C9-4C37-A691-AE9B79A8A903}.Debug|x86.Build.0 = Debug|Any CPU
		{1E5BF16E-69C9-4C37-A691-AE9B79A8A903}.Release|Any CPU.ActiveCfg = Release|Any CPU
		{1E5BF16E-69C9-4C37-A691-AE9B79A8A903}.Release|Any CPU.Build.0 = Release|Any CPU
		{1E5BF16E-69C9-4C37-A691-AE9B79A8A903}.Release|x64.ActiveCfg = Release|Any CPU
		{1E5BF16E-69C9-4C37-A691-AE9B79A8A903}.Release|x64.Build.0 = Release|Any CPU
		{1E5BF16E-69C9-4C37-A691-AE9B79A8A903}.Release|x86.ActiveCfg = Release|Any CPU
		{1E5BF16E-69C9-4C37-A691-AE9B79A8A903}.Release|x86.Build.0 = Release|Any CPU
		{5A1F7E6C-594A-48D2-9881-D405AE21DECB}.Debug|Any CPU.ActiveCfg = Debug|Any CPU
		{5A1F7E6C-594A-48D2-9881-D405AE21DECB}.Debug|Any CPU.Build.0 = Debug|Any CPU
		{5A1F7E6C-594A-48D2-9881-D405AE21DECB}.Debug|x64.ActiveCfg = Debug|Any CPU
		{5A1F7E6C-594A-48D2-9881-D405AE21DECB}.Debug|x64.Build.0 = Debug|Any CPU
		{5A1F7E6C-594A-48D2-9881-D405AE21DECB}.Debug|x86.ActiveCfg = Debug|Any CPU
		{5A1F7E6C-594A-48D2-9881-D405AE21DECB}.Debug|x86.Build.0 = Debug|Any CPU
		{5A1F7E6C-594A-48D2-9881-D405AE21DECB}.Release|Any CPU.ActiveCfg = Release|Any CPU
		{5A1F7E6C-594A-48D2-9881-D405AE21DECB}.Release|Any CPU.Build.0 = Release|Any CPU
		{5A1F7E6C-594A-48D2-9881-D405AE21DECB}.Release|x64.ActiveCfg = Release|Any CPU
		{5A1F7E6C-594A-48D2-9881-D405AE21DECB}.Release|x64.Build.0 = Release|Any CPU
		{5A1F7E6C-594A-48D2-9881-D405AE21DECB}.Release|x86.ActiveCfg = Release|Any CPU
		{5A1F7E6C-594A-48D2-9881-D405AE21DECB}.Release|x86.Build.0 = Release|Any CPU
		{4A5DE5D5-3ABA-4AC1-A6BF-4FF591C46B5C}.Debug|Any CPU.ActiveCfg = Debug|Any CPU
		{4A5DE5D5-3ABA-4AC1-A6BF-4FF591C46B5C}.Debug|Any CPU.Build.0 = Debug|Any CPU
		{4A5DE5D5-3ABA-4AC1-A6BF-4FF591C46B5C}.Debug|x64.ActiveCfg = Debug|Any CPU
		{4A5DE5D5-3ABA-4AC1-A6BF-4FF591C46B5C}.Debug|x64.Build.0 = Debug|Any CPU
		{4A5DE5D5-3ABA-4AC1-A6BF-4FF591C46B5C}.Debug|x86.ActiveCfg = Debug|Any CPU
		{4A5DE5D5-3ABA-4AC1-A6BF-4FF591C46B5C}.Debug|x86.Build.0 = Debug|Any CPU
		{4A5DE5D5-3ABA-4AC1-A6BF-4FF591C46B5C}.Release|Any CPU.ActiveCfg = Release|Any CPU
		{4A5DE5D5-3ABA-4AC1-A6BF-4FF591C46B5C}.Release|Any CPU.Build.0 = Release|Any CPU
		{4A5DE5D5-3ABA-4AC1-A6BF-4FF591C46B5C}.Release|x64.ActiveCfg = Release|Any CPU
		{4A5DE5D5-3ABA-4AC1-A6BF-4FF591C46B5C}.Release|x64.Build.0 = Release|Any CPU
		{4A5DE5D5-3ABA-4AC1-A6BF-4FF591C46B5C}.Release|x86.ActiveCfg = Release|Any CPU
		{4A5DE5D5-3ABA-4AC1-A6BF-4FF591C46B5C}.Release|x86.Build.0 = Release|Any CPU
		{4A65D1BA-5D73-4143-B1FF-A9DD2B0E6380}.Debug|Any CPU.ActiveCfg = Debug|Any CPU
		{4A65D1BA-5D73-4143-B1FF-A9DD2B0E6380}.Debug|Any CPU.Build.0 = Debug|Any CPU
		{4A65D1BA-5D73-4143-B1FF-A9DD2B0E6380}.Debug|x64.ActiveCfg = Debug|Any CPU
		{4A65D1BA-5D73-4143-B1FF-A9DD2B0E6380}.Debug|x64.Build.0 = Debug|Any CPU
		{4A65D1BA-5D73-4143-B1FF-A9DD2B0E6380}.Debug|x86.ActiveCfg = Debug|Any CPU
		{4A65D1BA-5D73-4143-B1FF-A9DD2B0E6380}.Debug|x86.Build.0 = Debug|Any CPU
		{4A65D1BA-5D73-4143-B1FF-A9DD2B0E6380}.Release|Any CPU.ActiveCfg = Release|Any CPU
		{4A65D1BA-5D73-4143-B1FF-A9DD2B0E6380}.Release|Any CPU.Build.0 = Release|Any CPU
		{4A65D1BA-5D73-4143-B1FF-A9DD2B0E6380}.Release|x64.ActiveCfg = Release|Any CPU
		{4A65D1BA-5D73-4143-B1FF-A9DD2B0E6380}.Release|x64.Build.0 = Release|Any CPU
		{4A65D1BA-5D73-4143-B1FF-A9DD2B0E6380}.Release|x86.ActiveCfg = Release|Any CPU
		{4A65D1BA-5D73-4143-B1FF-A9DD2B0E6380}.Release|x86.Build.0 = Release|Any CPU
	EndGlobalSection
	GlobalSection(SolutionProperties) = preSolution
		HideSolutionNode = FALSE
	EndGlobalSection
	GlobalSection(NestedProjects) = preSolution
		{8473A45C-F738-4DA0-BF95-6E17C4A71C2F} = {827E0CD3-B72D-47B6-A68D-7590B98EB39B}
		{327A69A5-C513-4FEE-B936-2FE5524EDFBE} = {0AB3BF05-4346-4AA6-1389-037BE0695223}
		{AE9D1177-1111-4686-873C-DE6DDF7BBDA3} = {E154531E-4499-7942-A888-178D85FFAA26}
		{7B5369D9-CB21-475F-BA4A-E525DFFFE9E9} = {E154531E-4499-7942-A888-178D85FFAA26}
		{27D359E9-09AA-4C0A-88E7-71C484DE82A3} = {827E0CD3-B72D-47B6-A68D-7590B98EB39B}
		{26C7AF78-D6FB-4C6E-9CB7-791D82ACF4CF} = {0AB3BF05-4346-4AA6-1389-037BE0695223}
		{6C1CDA92-B986-4275-942E-1F9B68F0AB2B} = {827E0CD3-B72D-47B6-A68D-7590B98EB39B}
		{DB2F4A1D-FFB0-400C-AF09-A5CD2EACF44D} = {0AB3BF05-4346-4AA6-1389-037BE0695223}
		{04C01BF8-2FC6-43E8-8CB5-29EFC436D430} = {827E0CD3-B72D-47B6-A68D-7590B98EB39B}
		{DBC399AA-AEC7-4B18-9B25-F6BF2C302B0A} = {0AB3BF05-4346-4AA6-1389-037BE0695223}
		{A49321E4-E863-4D62-8012-3E5884109A4D} = {827E0CD3-B72D-47B6-A68D-7590B98EB39B}
		{C3B60ADC-AE4F-416F-8024-9236DDEEEE23} = {0AB3BF05-4346-4AA6-1389-037BE0695223}
		{2AD5CF98-4161-4B89-A610-9AF664AFDC3B} = {827E0CD3-B72D-47B6-A68D-7590B98EB39B}
		{1E5BF16E-69C9-4C37-A691-AE9B79A8A903} = {0AB3BF05-4346-4AA6-1389-037BE0695223}
		{5A1F7E6C-594A-48D2-9881-D405AE21DECB} = {0AB3BF05-4346-4AA6-1389-037BE0695223}
		{4A5DE5D5-3ABA-4AC1-A6BF-4FF591C46B5C} = {827E0CD3-B72D-47B6-A68D-7590B98EB39B}
		{4A65D1BA-5D73-4143-B1FF-A9DD2B0E6380} = {0AB3BF05-4346-4AA6-1389-037BE0695223}
	EndGlobalSection
EndGlobal
